
Microsoft Visual Studio Solution File, Format Version 12.00
# Visual Studio Version 17
VisualStudioVersion = 17.0.32014.148
MinimumVisualStudioVersion = 10.0.40219.1
Project("{FAE04EC0-301F-11D3-BF4B-00C04F79EFBC}") = "FileandFileInfo", "FileandFileInfo\FileandFileInfo.csproj", "{98279940-6342-48A8-9570-E38665DB308B}"
EndProject
Global
	GlobalSection(SolutionConfigurationPlatforms) = preSolution
		Debug|Any CPU = Debug|Any CPU
		Release|Any CPU = Release|Any CPU
	EndGlobalSection
	GlobalSection(ProjectConfigurationPlatforms) = postSolution
		{98279940-6342-48A8-9570-E38665DB308B}.Debug|Any CPU.ActiveCfg = Debug|Any CPU
		{98279940-6342-48A8-9570-E38665DB308B}.Debug|Any CPU.Build.0 = Debug|Any CPU
		{98279940-6342-48A8-9570-E38665DB308B}.Release|Any CPU.ActiveCfg = Release|Any CPU
		{98279940-6342-48A8-9570-E38665DB308B}.Release|Any CPU.Build.0 = Release|Any CPU
	EndGlobalSection
	GlobalSection(SolutionProperties) = preSolution
		HideSolutionNode = FALSE
	EndGlobalSection
	GlobalSection(ExtensibilityGlobals) = postSolution
		SolutionGuid = {62DFE6EA-CCE4-4198-9449-80B74395FCE1}
	EndGlobalSection
EndGlobal
